// !$*UTF8*$!
{
	archiveVersion = 1;
	classes = {
	};
	objectVersion = 46;
	objects = {

/* Begin PBXBuildFile section */
		D376D6611932CFE6000E9964 /* Foundation.framework in Frameworks */ = {isa = PBXBuildFile; fileRef = D376D6601932CFE6000E9964 /* Foundation.framework */; };
		D376D6631932CFE6000E9964 /* CoreGraphics.framework in Frameworks */ = {isa = PBXBuildFile; fileRef = D376D6621932CFE6000E9964 /* CoreGraphics.framework */; };
		D376D6651932CFE6000E9964 /* UIKit.framework in Frameworks */ = {isa = PBXBuildFile; fileRef = D376D6641932CFE6000E9964 /* UIKit.framework */; };
		D376D66B1932CFE6000E9964 /* InfoPlist.strings in Resources */ = {isa = PBXBuildFile; fileRef = D376D6691932CFE6000E9964 /* InfoPlist.strings */; };
		D376D66D1932CFE6000E9964 /* main.m in Sources */ = {isa = PBXBuildFile; fileRef = D376D66C1932CFE6000E9964 /* main.m */; };
		D376D6711932CFE6000E9964 /* AppDelegate.m in Sources */ = {isa = PBXBuildFile; fileRef = D376D6701932CFE6000E9964 /* AppDelegate.m */; };
		D376D6731932CFE6000E9964 /* Images.xcassets in Resources */ = {isa = PBXBuildFile; fileRef = D376D6721932CFE6000E9964 /* Images.xcassets */; };
		D376D67A1932CFE6000E9964 /* XCTest.framework in Frameworks */ = {isa = PBXBuildFile; fileRef = D376D6791932CFE6000E9964 /* XCTest.framework */; };
		D376D67B1932CFE6000E9964 /* Foundation.framework in Frameworks */ = {isa = PBXBuildFile; fileRef = D376D6601932CFE6000E9964 /* Foundation.framework */; };
		D376D67C1932CFE6000E9964 /* UIKit.framework in Frameworks */ = {isa = PBXBuildFile; fileRef = D376D6641932CFE6000E9964 /* UIKit.framework */; };
		D376D6841932CFE6000E9964 /* InfoPlist.strings in Resources */ = {isa = PBXBuildFile; fileRef = D376D6821932CFE6000E9964 /* InfoPlist.strings */; };
		D376D6861932CFE6000E9964 /* TestOpenUDIDTests.m in Sources */ = {isa = PBXBuildFile; fileRef = D376D6851932CFE6000E9964 /* TestOpenUDIDTests.m */; };
		D3DDE7351932D75B00826FA0 /* OpenUDID.m in Sources */ = {isa = PBXBuildFile; fileRef = D3DDE7341932D75B00826FA0 /* OpenUDID.m */; settings = {COMPILER_FLAGS = "-fno-objc-arc"; }; };
		D3DDE7391932D77100826FA0 /* TestMainViewController.m in Sources */ = {isa = PBXBuildFile; fileRef = D3DDE7371932D77100826FA0 /* TestMainViewController.m */; };
		D3DDE73A1932D77100826FA0 /* TestMainViewController.xib in Resources */ = {isa = PBXBuildFile; fileRef = D3DDE7381932D77100826FA0 /* TestMainViewController.xib */; };
		D3DDE73E1932D9FD00826FA0 /* UDIDManager.m in Sources */ = {isa = PBXBuildFile; fileRef = D3DDE73D1932D9FD00826FA0 /* UDIDManager.m */; settings = {COMPILER_FLAGS = "-fno-objc-arc"; }; };
		D3DDE7401932DC3000826FA0 /* Security.framework in Frameworks */ = {isa = PBXBuildFile; fileRef = D3DDE73F1932DC3000826FA0 /* Security.framework */; };
/* End PBXBuildFile section */

/* Begin PBXContainerItemProxy section */
		D376D67D1932CFE6000E9964 /* PBXContainerItemProxy */ = {
			isa = PBXContainerItemProxy;
			containerPortal = D376D6551932CFE6000E9964 /* Project object */;
			proxyType = 1;
			remoteGlobalIDString = D376D65C1932CFE6000E9964;
			remoteInfo = TestOpenUDID;
		};
/* End PBXContainerItemProxy section */

/* Begin PBXFileReference section */
		D376D65D1932CFE6000E9964 /* TestOpenUDID.app */ = {isa = PBXFileReference; explicitFileType = wrapper.application; includeInIndex = 0; path = TestOpenUDID.app; sourceTree = BUILT_PRODUCTS_DIR; };
		D376D6601932CFE6000E9964 /* Foundation.framework */ = {isa = PBXFileReference; lastKnownFileType = wrapper.framework; name = Foundation.framework; path = System/Library/Frameworks/Foundation.framework; sourceTree = SDKROOT; };
		D376D6621932CFE6000E9964 /* CoreGraphics.framework */ = {isa = PBXFileReference; lastKnownFileType = wrapper.framework; name = CoreGraphics.framework; path = System/Library/Frameworks/CoreGraphics.framework; sourceTree = SDKROOT; };
		D376D6641932CFE6000E9964 /* UIKit.framework */ = {isa = PBXFileReference; lastKnownFileType = wrapper.framework; name = UIKit.framework; path = System/Library/Frameworks/UIKit.framework; sourceTree = SDKROOT; };
		D376D6681932CFE6000E9964 /* TestOpenUDID-Info.plist */ = {isa = PBXFileReference; lastKnownFileType = text.plist.xml; path = "TestOpenUDID-Info.plist"; sourceTree = "<group>"; };
		D376D66A1932CFE6000E9964 /* en */ = {isa = PBXFileReference; lastKnownFileType = text.plist.strings; name = en; path = en.lproj/InfoPlist.strings; sourceTree = "<group>"; };
		D376D66C1932CFE6000E9964 /* main.m */ = {isa = PBXFileReference; lastKnownFileType = sourcecode.c.objc; path = main.m; sourceTree = "<group>"; };
		D376D66E1932CFE6000E9964 /* TestOpenUDID-Prefix.pch */ = {isa = PBXFileReference; lastKnownFileType = sourcecode.c.h; path = "TestOpenUDID-Prefix.pch"; sourceTree = "<group>"; };
		D376D66F1932CFE6000E9964 /* AppDelegate.h */ = {isa = PBXFileReference; lastKnownFileType = sourcecode.c.h; path = AppDelegate.h; sourceTree = "<group>"; };
		D376D6701932CFE6000E9964 /* AppDelegate.m */ = {isa = PBXFileReference; lastKnownFileType = sourcecode.c.objc; path = AppDelegate.m; sourceTree = "<group>"; };
		D376D6721932CFE6000E9964 /* Images.xcassets */ = {isa = PBXFileReference; lastKnownFileType = folder.assetcatalog; path = Images.xcassets; sourceTree = "<group>"; };
		D376D6781932CFE6000E9964 /* TestOpenUDIDTests.xctest */ = {isa = PBXFileReference; explicitFileType = wrapper.cfbundle; includeInIndex = 0; path = TestOpenUDIDTests.xctest; sourceTree = BUILT_PRODUCTS_DIR; };
		D376D6791932CFE6000E9964 /* XCTest.framework */ = {isa = PBXFileReference; lastKnownFileType = wrapper.framework; name = XCTest.framework; path = Library/Frameworks/XCTest.framework; sourceTree = DEVELOPER_DIR; };
		D376D6811932CFE6000E9964 /* TestOpenUDIDTests-Info.plist */ = {isa = PBXFileReference; lastKnownFileType = text.plist.xml; path = "TestOpenUDIDTests-Info.plist"; sourceTree = "<group>"; };
		D376D6831932CFE6000E9964 /* en */ = {isa = PBXFileReference; lastKnownFileType = text.plist.strings; name = en; path = en.lproj/InfoPlist.strings; sourceTree = "<group>"; };
		D376D6851932CFE6000E9964 /* TestOpenUDIDTests.m */ = {isa = PBXFileReference; lastKnownFileType = sourcecode.c.objc; path = TestOpenUDIDTests.m; sourceTree = "<group>"; };
		D3DDE7331932D75B00826FA0 /* OpenUDID.h */ = {isa = PBXFileReference; fileEncoding = 4; lastKnownFileType = sourcecode.c.h; name = OpenUDID.h; path = ../../OpenUDID.h; sourceTree = "<group>"; };
		D3DDE7341932D75B00826FA0 /* OpenUDID.m */ = {isa = PBXFileReference; fileEncoding = 4; lastKnownFileType = sourcecode.c.objc; name = OpenUDID.m; path = ../../OpenUDID.m; sourceTree = "<group>"; };
		D3DDE7361932D77100826FA0 /* TestMainViewController.h */ = {isa = PBXFileReference; fileEncoding = 4; lastKnownFileType = sourcecode.c.h; path = TestMainViewController.h; sourceTree = "<group>"; };
		D3DDE7371932D77100826FA0 /* TestMainViewController.m */ = {isa = PBXFileReference; fileEncoding = 4; lastKnownFileType = sourcecode.c.objc; path = TestMainViewController.m; sourceTree = "<group>"; };
		D3DDE7381932D77100826FA0 /* TestMainViewController.xib */ = {isa = PBXFileReference; fileEncoding = 4; lastKnownFileType = file.xib; path = TestMainViewController.xib; sourceTree = "<group>"; };
		D3DDE73C1932D9FD00826FA0 /* UDIDManager.h */ = {isa = PBXFileReference; fileEncoding = 4; lastKnownFileType = sourcecode.c.h; path = UDIDManager.h; sourceTree = "<group>"; };
		D3DDE73D1932D9FD00826FA0 /* UDIDManager.m */ = {isa = PBXFileReference; fileEncoding = 4; lastKnownFileType = sourcecode.c.objc; path = UDIDManager.m; sourceTree = "<group>"; };
		D3DDE73F1932DC3000826FA0 /* Security.framework */ = {isa = PBXFileReference; lastKnownFileType = wrapper.framework; name = Security.framework; path = System/Library/Frameworks/Security.framework; sourceTree = SDKROOT; };
/* End PBXFileReference section */

/* Begin PBXFrameworksBuildPhase section */
		D376D65A1932CFE6000E9964 /* Frameworks */ = {
			isa = PBXFrameworksBuildPhase;
			buildActionMask = 2147483647;
			files = (
				D3DDE7401932DC3000826FA0 /* Security.framework in Frameworks */,
				D376D6631932CFE6000E9964 /* CoreGraphics.framework in Frameworks */,
				D376D6651932CFE6000E9964 /* UIKit.framework in Frameworks */,
				D376D6611932CFE6000E9964 /* Foundation.framework in Frameworks */,
			);
			runOnlyForDeploymentPostprocessing = 0;
		};
		D376D6751932CFE6000E9964 /* Frameworks */ = {
			isa = PBXFrameworksBuildPhase;
			buildActionMask = 2147483647;
			files = (
				D376D67A1932CFE6000E9964 /* XCTest.framework in Frameworks */,
				D376D67C1932CFE6000E9964 /* UIKit.framework in Frameworks */,
				D376D67B1932CFE6000E9964 /* Foundation.framework in Frameworks */,
			);
			runOnlyForDeploymentPostprocessing = 0;
		};
/* End PBXFrameworksBuildPhase section */

/* Begin PBXGroup section */
		D376D6541932CFE6000E9964 = {
			isa = PBXGroup;
			children = (
				D376D6661932CFE6000E9964 /* TestOpenUDID */,
				D376D67F1932CFE6000E9964 /* TestOpenUDIDTests */,
				D376D65F1932CFE6000E9964 /* Frameworks */,
				D376D65E1932CFE6000E9964 /* Products */,
			);
			sourceTree = "<group>";
		};
		D376D65E1932CFE6000E9964 /* Products */ = {
			isa = PBXGroup;
			children = (
				D376D65D1932CFE6000E9964 /* TestOpenUDID.app */,
				D376D6781932CFE6000E9964 /* TestOpenUDIDTests.xctest */,
			);
			name = Products;
			sourceTree = "<group>";
		};
		D376D65F1932CFE6000E9964 /* Frameworks */ = {
			isa = PBXGroup;
			children = (
				D3DDE73F1932DC3000826FA0 /* Security.framework */,
				D376D6601932CFE6000E9964 /* Foundation.framework */,
				D376D6621932CFE6000E9964 /* CoreGraphics.framework */,
				D376D6641932CFE6000E9964 /* UIKit.framework */,
				D376D6791932CFE6000E9964 /* XCTest.framework */,
			);
			name = Frameworks;
			sourceTree = "<group>";
		};
		D376D6661932CFE6000E9964 /* TestOpenUDID */ = {
			isa = PBXGroup;
			children = (
				D3DDE7421932DCFB00826FA0 /* UDIDManager */,
				D3DDE7411932DCF900826FA0 /* OpenUDID */,
				D376D66F1932CFE6000E9964 /* AppDelegate.h */,
				D376D6701932CFE6000E9964 /* AppDelegate.m */,
				D3DDE7361932D77100826FA0 /* TestMainViewController.h */,
				D3DDE7371932D77100826FA0 /* TestMainViewController.m */,
				D3DDE7381932D77100826FA0 /* TestMainViewController.xib */,
				D376D6721932CFE6000E9964 /* Images.xcassets */,
				D376D6671932CFE6000E9964 /* Supporting Files */,
			);
			path = TestOpenUDID;
			sourceTree = "<group>";
		};
		D376D6671932CFE6000E9964 /* Supporting Files */ = {
			isa = PBXGroup;
			children = (
				D376D6681932CFE6000E9964 /* TestOpenUDID-Info.plist */,
				D376D6691932CFE6000E9964 /* InfoPlist.strings */,
				D376D66C1932CFE6000E9964 /* main.m */,
				D376D66E1932CFE6000E9964 /* TestOpenUDID-Prefix.pch */,
			);
			name = "Supporting Files";
			sourceTree = "<group>";
		};
		D376D67F1932CFE6000E9964 /* TestOpenUDIDTests */ = {
			isa = PBXGroup;
			children = (
				D376D6851932CFE6000E9964 /* TestOpenUDIDTests.m */,
				D376D6801932CFE6000E9964 /* Supporting Files */,
			);
			path = TestOpenUDIDTests;
			sourceTree = "<group>";
		};
		D376D6801932CFE6000E9964 /* Supporting Files */ = {
			isa = PBXGroup;
			children = (
				D376D6811932CFE6000E9964 /* TestOpenUDIDTests-Info.plist */,
				D376D6821932CFE6000E9964 /* InfoPlist.strings */,
			);
			name = "Supporting Files";
			sourceTree = "<group>";
		};
		D3DDE7411932DCF900826FA0 /* OpenUDID */ = {
			isa = PBXGroup;
			children = (
				D3DDE7331932D75B00826FA0 /* OpenUDID.h */,
				D3DDE7341932D75B00826FA0 /* OpenUDID.m */,
			);
			name = OpenUDID;
			sourceTree = "<group>";
		};
		D3DDE7421932DCFB00826FA0 /* UDIDManager */ = {
			isa = PBXGroup;
			children = (
				D3DDE73C1932D9FD00826FA0 /* UDIDManager.h */,
				D3DDE73D1932D9FD00826FA0 /* UDIDManager.m */,
			);
			name = UDIDManager;
			sourceTree = "<group>";
		};
/* End PBXGroup section */

/* Begin PBXNativeTarget section */
		D376D65C1932CFE6000E9964 /* TestOpenUDID */ = {
			isa = PBXNativeTarget;
			buildConfigurationList = D376D6891932CFE6000E9964 /* Build configuration list for PBXNativeTarget "TestOpenUDID" */;
			buildPhases = (
				D376D6591932CFE6000E9964 /* Sources */,
				D376D65A1932CFE6000E9964 /* Frameworks */,
				D376D65B1932CFE6000E9964 /* Resources */,
			);
			buildRules = (
			);
			dependencies = (
			);
			name = TestOpenUDID;
			productName = TestOpenUDID;
			productReference = D376D65D1932CFE6000E9964 /* TestOpenUDID.app */;
			productType = "com.apple.product-type.application";
		};
		D376D6771932CFE6000E9964 /* TestOpenUDIDTests */ = {
			isa = PBXNativeTarget;
			buildConfigurationList = D376D68C1932CFE6000E9964 /* Build configuration list for PBXNativeTarget "TestOpenUDIDTests" */;
			buildPhases = (
				D376D6741932CFE6000E9964 /* Sources */,
				D376D6751932CFE6000E9964 /* Frameworks */,
				D376D6761932CFE6000E9964 /* Resources */,
			);
			buildRules = (
			);
			dependencies = (
				D376D67E1932CFE6000E9964 /* PBXTargetDependency */,
			);
			name = TestOpenUDIDTests;
			productName = TestOpenUDIDTests;
			productReference = D376D6781932CFE6000E9964 /* TestOpenUDIDTests.xctest */;
			productType = "com.apple.product-type.bundle.unit-test";
		};
/* End PBXNativeTarget section */

/* Begin PBXProject section */
		D376D6551932CFE6000E9964 /* Project object */ = {
			isa = PBXProject;
			attributes = {
				LastUpgradeCheck = 0510;
				ORGANIZATIONNAME = SCSD_TGO_TEAM;
				TargetAttributes = {
					D376D6771932CFE6000E9964 = {
						TestTargetID = D376D65C1932CFE6000E9964;
					};
				};
			};
			buildConfigurationList = D376D6581932CFE6000E9964 /* Build configuration list for PBXProject "TestOpenUDID" */;
			compatibilityVersion = "Xcode 3.2";
			developmentRegion = English;
			hasScannedForEncodings = 0;
			knownRegions = (
				en,
			);
			mainGroup = D376D6541932CFE6000E9964;
			productRefGroup = D376D65E1932CFE6000E9964 /* Products */;
			projectDirPath = "";
			projectRoot = "";
			targets = (
				D376D65C1932CFE6000E9964 /* TestOpenUDID */,
				D376D6771932CFE6000E9964 /* TestOpenUDIDTests */,
			);
		};
/* End PBXProject section */

/* Begin PBXResourcesBuildPhase section */
		D376D65B1932CFE6000E9964 /* Resources */ = {
			isa = PBXResourcesBuildPhase;
			buildActionMask = 2147483647;
			files = (
				D376D66B1932CFE6000E9964 /* InfoPlist.strings in Resources */,
				D376D6731932CFE6000E9964 /* Images.xcassets in Resources */,
				D3DDE73A1932D77100826FA0 /* TestMainViewController.xib in Resources */,
			);
			runOnlyForDeploymentPostprocessing = 0;
		};
		D376D6761932CFE6000E9964 /* Resources */ = {
			isa = PBXResourcesBuildPhase;
			buildActionMask = 2147483647;
			files = (
				D376D6841932CFE6000E9964 /* InfoPlist.strings in Resources */,
			);
			runOnlyForDeploymentPostprocessing = 0;
		};
/* End PBXResourcesBuildPhase section */

/* Begin PBXSourcesBuildPhase section */
		D376D6591932CFE6000E9964 /* Sources */ = {
			isa = PBXSourcesBuildPhase;
			buildActionMask = 2147483647;
			files = (
				D3DDE7351932D75B00826FA0 /* OpenUDID.m in Sources */,
				D376D6711932CFE6000E9964 /* AppDelegate.m in Sources */,
				D3DDE73E1932D9FD00826FA0 /* UDIDManager.m in Sources */,
				D376D66D1932CFE6000E9964 /* main.m in Sources */,
				D3DDE7391932D77100826FA0 /* TestMainViewController.m in Sources */,
			);
			runOnlyForDeploymentPostprocessing = 0;
		};
		D376D6741932CFE6000E9964 /* Sources */ = {
			isa = PBXSourcesBuildPhase;
			buildActionMask = 2147483647;
			files = (
				D376D6861932CFE6000E9964 /* TestOpenUDIDTests.m in Sources */,
			);
			runOnlyForDeploymentPostprocessing = 0;
		};
/* End PBXSourcesBuildPhase section */

/* Begin PBXTargetDependency section */
		D376D67E1932CFE6000E9964 /* PBXTargetDependency */ = {
			isa = PBXTargetDependency;
			target = D376D65C1932CFE6000E9964 /* TestOpenUDID */;
			targetProxy = D376D67D1932CFE6000E9964 /* PBXContainerItemProxy */;
		};
/* End PBXTargetDependency section */

/* Begin PBXVariantGroup section */
		D376D6691932CFE6000E9964 /* InfoPlist.strings */ = {
			isa = PBXVariantGroup;
			children = (
				D376D66A1932CFE6000E9964 /* en */,
			);
			name = InfoPlist.strings;
			sourceTree = "<group>";
		};
		D376D6821932CFE6000E9964 /* InfoPlist.strings */ = {
			isa = PBXVariantGroup;
			children = (
				D376D6831932CFE6000E9964 /* en */,
			);
			name = InfoPlist.strings;
			sourceTree = "<group>";
		};
/* End PBXVariantGroup section */

/* Begin XCBuildConfiguration section */
		D376D6871932CFE6000E9964 /* Debug */ = {
			isa = XCBuildConfiguration;
			buildSettings = {
				ALWAYS_SEARCH_USER_PATHS = NO;
				CLANG_CXX_LANGUAGE_STANDARD = "gnu++0x";
				CLANG_CXX_LIBRARY = "libc++";
				CLANG_ENABLE_MODULES = YES;
				CLANG_ENABLE_OBJC_ARC = YES;
				CLANG_WARN_BOOL_CONVERSION = YES;
				CLANG_WARN_CONSTANT_CONVERSION = YES;
				CLANG_WARN_DIRECT_OBJC_ISA_USAGE = YES_ERROR;
				CLANG_WARN_EMPTY_BODY = YES;
				CLANG_WARN_ENUM_CONVERSION = YES;
				CLANG_WARN_INT_CONVERSION = YES;
				CLANG_WARN_OBJC_ROOT_CLASS = YES_ERROR;
				CLANG_WARN__DUPLICATE_METHOD_MATCH = YES;
				"CODE_SIGN_IDENTITY[sdk=iphoneos*]" = "iPhone Developer";
				COPY_PHASE_STRIP = NO;
				GCC_C_LANGUAGE_STANDARD = gnu99;
				GCC_DYNAMIC_NO_PIC = NO;
				GCC_OPTIMIZATION_LEVEL = 0;
				GCC_PREPROCESSOR_DEFINITIONS = (
					"DEBUG=1",
					"$(inherited)",
				);
				GCC_SYMBOLS_PRIVATE_EXTERN = NO;
				GCC_WARN_64_TO_32_BIT_CONVERSION = YES;
				GCC_WARN_ABOUT_RETURN_TYPE = YES_ERROR;
				GCC_WARN_UNDECLARED_SELECTOR = YES;
				GCC_WARN_UNINITIALIZED_AUTOS = YES_AGGRESSIVE;
				GCC_WARN_UNUSED_FUNCTION = YES;
				GCC_WARN_UNUSED_VARIABLE = YES;
				IPHONEOS_DEPLOYMENT_TARGET = 7.1;
				ONLY_ACTIVE_ARCH = YES;
				SDKROOT = iphoneos;
			};
			name = Debug;
		};
		D376D6881932CFE6000E9964 /* Release */ = {
			isa = XCBuildConfiguration;
			buildSettings = {
				ALWAYS_SEARCH_USER_PATHS = NO;
				CLANG_CXX_LANGUAGE_STANDARD = "gnu++0x";
				CLANG_CXX_LIBRARY = "libc++";
				CLANG_ENABLE_MODULES = YES;
				CLANG_ENABLE_OBJC_ARC = YES;
				CLANG_WARN_BOOL_CONVERSION = YES;
				CLANG_WARN_CONSTANT_CONVERSION = YES;
				CLANG_WARN_DIRECT_OBJC_ISA_USAGE = YES_ERROR;
				CLANG_WARN_EMPTY_BODY = YES;
				CLANG_WARN_ENUM_CONVERSION = YES;
				CLANG_WARN_INT_CONVERSION = YES;
				CLANG_WARN_OBJC_ROOT_CLASS = YES_ERROR;
				CLANG_WARN__DUPLICATE_METHOD_MATCH = YES;
				"CODE_SIGN_IDENTITY[sdk=iphoneos*]" = "iPhone Developer";
				COPY_PHASE_STRIP = YES;
				ENABLE_NS_ASSERTIONS = NO;
				GCC_C_LANGUAGE_STANDARD = gnu99;
				GCC_WARN_64_TO_32_BIT_CONVERSION = YES;
				GCC_WARN_ABOUT_RETURN_TYPE = YES_ERROR;
				GCC_WARN_UNDECLARED_SELECTOR = YES;
				GCC_WARN_UNINITIALIZED_AUTOS = YES_AGGRESSIVE;
				GCC_WARN_UNUSED_FUNCTION = YES;
				GCC_WARN_UNUSED_VARIABLE = YES;
				IPHONEOS_DEPLOYMENT_TARGET = 7.1;
				SDKROOT = iphoneos;
				VALIDATE_PRODUCT = YES;
			};
			name = Release;
		};
		D376D68A1932CFE6000E9964 /* Debug */ = {
			isa = XCBuildConfiguration;
			buildSettings = {
				ASSETCATALOG_COMPILER_APPICON_NAME = AppIcon;
				ASSETCATALOG_COMPILER_LAUNCHIMAGE_NAME = LaunchImage;
				CLANG_ENABLE_OBJC_ARC = YES;
				GCC_PRECOMPILE_PREFIX_HEADER = YES;
				GCC_PREFIX_HEADER = "TestOpenUDID/TestOpenUDID-Prefix.pch";
				INFOPLIST_FILE = "TestOpenUDID/TestOpenUDID-Info.plist";
				PRODUCT_NAME = "$(TARGET_NAME)";
				WRAPPER_EXTENSION = app;
			};
			name = Debug;
		};
		D376D68B1932CFE6000E9964 /* Release */ = {
			isa = XCBuildConfiguration;
			buildSettings = {
				ASSETCATALOG_COMPILER_APPICON_NAME = AppIcon;
				ASSETCATALOG_COMPILER_LAUNCHIMAGE_NAME = LaunchImage;
				CLANG_ENABLE_OBJC_ARC = YES;
				GCC_PRECOMPILE_PREFIX_HEADER = YES;
				GCC_PREFIX_HEADER = "TestOpenUDID/TestOpenUDID-Prefix.pch";
				INFOPLIST_FILE = "TestOpenUDID/TestOpenUDID-Info.plist";
				PRODUCT_NAME = "$(TARGET_NAME)";
				WRAPPER_EXTENSION = app;
			};
			name = Release;
		};
		D376D68D1932CFE6000E9964 /* Debug */ = {
			isa = XCBuildConfiguration;
			buildSettings = {
				BUNDLE_LOADER = "$(BUILT_PRODUCTS_DIR)/TestOpenUDID.app/TestOpenUDID";
				FRAMEWORK_SEARCH_PATHS = (
					"$(SDKROOT)/Developer/Library/Frameworks",
					"$(inherited)",
					"$(DEVELOPER_FRAMEWORKS_DIR)",
				);
				GCC_PRECOMPILE_PREFIX_HEADER = YES;
				GCC_PREFIX_HEADER = "TestOpenUDID/TestOpenUDID-Prefix.pch";
				GCC_PREPROCESSOR_DEFINITIONS = (
					"DEBUG=1",
					"$(inherited)",
				);
				INFOPLIST_FILE = "TestOpenUDIDTests/TestOpenUDIDTests-Info.plist";
				PRODUCT_NAME = "$(TARGET_NAME)";
				TEST_HOST = "$(BUNDLE_LOADER)";
				WRAPPER_EXTENSION = xctest;
			};
			name = Debug;
		};
		D376D68E1932CFE6000E9964 /* Release */ = {
			isa = XCBuildConfiguration;
			buildSettings = {
				BUNDLE_LOADER = "$(BUILT_PRODUCTS_DIR)/TestOpenUDID.app/TestOpenUDID";
				FRAMEWORK_SEARCH_PATHS = (
					"$(SDKROOT)/Developer/Library/Frameworks",
					"$(inherited)",
					"$(DEVELOPER_FRAMEWORKS_DIR)",
				);
				GCC_PRECOMPILE_PREFIX_HEADER = YES;
				GCC_PREFIX_HEADER = "TestOpenUDID/TestOpenUDID-Prefix.pch";
				INFOPLIST_FILE = "TestOpenUDIDTests/TestOpenUDIDTests-Info.plist";
				PRODUCT_NAME = "$(TARGET_NAME)";
				TEST_HOST = "$(BUNDLE_LOADER)";
				WRAPPER_EXTENSION = xctest;
			};
			name = Release;
		};
/* End XCBuildConfiguration section */

/* Begin XCConfigurationList section */
		D376D6581932CFE6000E9964 /* Build configuration list for PBXProject "TestOpenUDID" */ = {
			isa = XCConfigurationList;
			buildConfigurations = (
				D376D6871932CFE6000E9964 /* Debug */,
				D376D6881932CFE6000E9964 /* Release */,
			);
			defaultConfigurationIsVisible = 0;
			defaultConfigurationName = Release;
		};
		D376D6891932CFE6000E9964 /* Build configuration list for PBXNativeTarget "TestOpenUDID" */ = {
			isa = XCConfigurationList;
			buildConfigurations = (
				D376D68A1932CFE6000E9964 /* Debug */,
				D376D68B1932CFE6000E9964 /* Release */,
			);
			defaultConfigurationIsVisible = 0;
			defaultConfigurationName = Release;
		};
		D376D68C1932CFE6000E9964 /* Build configuration list for PBXNativeTarget "TestOpenUDIDTests" */ = {
			isa = XCConfigurationList;
			buildConfigurations = (
				D376D68D1932CFE6000E9964 /* Debug */,
				D376D68E1932CFE6000E9964 /* Release */,
			);
			defaultConfigurationIsVisible = 0;
			defaultConfigurationName = Release;
		};
/* End XCConfigurationList section */
	};
	rootObject = D376D6551932CFE6000E9964 /* Project object */;
}
